
Microsoft Visual Studio Solution File, Format Version 12.00
# Visual Studio Version 17
VisualStudioVersion = 17.5.002.0
MinimumVisualStudioVersion = 10.0.40219.1
Project("{2150E333-8FDC-42A3-9474-1A3956D46DE8}") = "backend", "backend", "{D6A34F39-D938-4701-B7DA-9C396604830A}"
EndProject
Project("{9A19103F-16F7-4668-BE54-9A1E7A4F7556}") = "api", "backend\api\api.csproj", "{D01C19B0-ABAA-409F-8572-9186C8931CFC}"
EndProject
Global
	GlobalSection(SolutionConfigurationPlatforms) = preSolution
		Debug|Any CPU = Debug|Any CPU
		Release|Any CPU = Release|Any CPU
	EndGlobalSection
	GlobalSection(ProjectConfigurationPlatforms) = postSolution
		{D01C19B0-ABAA-409F-8572-9186C8931CFC}.Debug|Any CPU.ActiveCfg = Debug|Any CPU
		{D01C19B0-ABAA-409F-8572-9186C8931CFC}.Debug|Any CPU.Build.0 = Debug|Any CPU
		{D01C19B0-ABAA-409F-8572-9186C8931CFC}.Release|Any CPU.ActiveCfg = Release|Any CPU
		{D01C19B0-ABAA-409F-8572-9186C8931CFC}.Release|Any CPU.Build.0 = Release|Any CPU
	EndGlobalSection
	GlobalSection(SolutionProperties) = preSolution
		HideSolutionNode = FALSE
	EndGlobalSection
	GlobalSection(NestedProjects) = preSolution
		{D01C19B0-ABAA-409F-8572-9186C8931CFC} = {D6A34F39-D938-4701-B7DA-9C396604830A}
	EndGlobalSection
	GlobalSection(ExtensibilityGlobals) = postSolution
		SolutionGuid = {73142DF6-D556-4AA0-ADD8-2D7531CF5C12}
	EndGlobalSection
EndGlobal
